
Microsoft Visual Studio Solution File, Format Version 12.00
# Visual Studio Version 16
VisualStudioVersion = 16.0.30523.141
MinimumVisualStudioVersion = 10.0.40219.1
Project("{9A19103F-16F7-4668-BE54-9A1E7A4F7556}") = "vehicleManagementSystemMVC", "vehicleManagementSystemMVC.csproj", "{191A9695-CCA6-45D3-8396-649242BBDD4A}"
EndProject
Project("{9A19103F-16F7-4668-BE54-9A1E7A4F7556}") = "VehicleManagementSystemAPI", "..\VehicleManagementSystemAPI\VehicleManagementSystemAPI.csproj", "{402F07B8-67FD-49EA-9F06-B7E8EA7EE3A4}"
EndProject
Global
	GlobalSection(SolutionConfigurationPlatforms) = preSolution
		Debug|Any CPU = Debug|Any CPU
		Release|Any CPU = Release|Any CPU
	EndGlobalSection
	GlobalSection(ProjectConfigurationPlatforms) = postSolution
		{191A9695-CCA6-45D3-8396-649242BBDD4A}.Debug|Any CPU.ActiveCfg = Debug|Any CPU
		{191A9695-CCA6-45D3-8396-649242BBDD4A}.Debug|Any CPU.Build.0 = Debug|Any CPU
		{191A9695-CCA6-45D3-8396-649242BBDD4A}.Release|Any CPU.ActiveCfg = Release|Any CPU
		{191A9695-CCA6-45D3-8396-649242BBDD4A}.Release|Any CPU.Build.0 = Release|Any CPU
		{402F07B8-67FD-49EA-9F06-B7E8EA7EE3A4}.Debug|Any CPU.ActiveCfg = Debug|Any CPU
		{402F07B8-67FD-49EA-9F06-B7E8EA7EE3A4}.Debug|Any CPU.Build.0 = Debug|Any CPU
		{402F07B8-67FD-49EA-9F06-B7E8EA7EE3A4}.Release|Any CPU.ActiveCfg = Release|Any CPU
		{402F07B8-67FD-49EA-9F06-B7E8EA7EE3A4}.Release|Any CPU.Build.0 = Release|Any CPU
	EndGlobalSection
	GlobalSection(SolutionProperties) = preSolution
		HideSolutionNode = FALSE
	EndGlobalSection
	GlobalSection(ExtensibilityGlobals) = postSolution
		SolutionGuid = {91035C77-8141-4755-BD58-1852DBF2C19E}
	EndGlobalSection
EndGlobal
